{
  "originHash" : "79767873eba927f05757610be56446bf71f45746054081ad93cd7ecfb2b90715",
  "pins" : [
    {
      "identity" : "libsrt-xcframework",
      "kind" : "remoteSourceControl",
      "location" : "https://github.com/HaishinKit/libsrt-xcframework.git",
      "state" : {
        "revision" : "48d7559dcda148fb02e75600a973acaa789a5472",
        "version" : "1.5.7"
      }
    },
    {
      "identity" : "logboard",
      "kind" : "remoteSourceControl",
      "location" : "https://github.com/shogo4405/Logboard.git",
      "state" : {
        "revision" : "8f41c63afb903040b77049ee2efa8c257b8c0d50",
        "version" : "2.6.0"
      }
    },
    {
      "identity" : "openssl-package",
      "kind" : "remoteSourceControl",
      "location" : "https://github.com/krzyzanowskim/OpenSSL-Package.git",
      "state" : {
        "revision" : "a3809db22a45e3ff658377a24da252982a306b9b",
        "version" : "3.6.3000"
      }
    },
    {
      "identity" : "swift-docc-plugin",
      "kind" : "remoteSourceControl",
      "location" : "https://github.com/swiftlang/swift-docc-plugin",
      "state" : {
        "revision" : "3e4f133a77e644a5812911a0513aeb7288b07d06",
        "version" : "1.4.5"
      }
    },
    {
      "identity" : "swift-docc-symbolkit",
      "kind" : "remoteSourceControl",
      "location" : "https://github.com/swiftlang/swift-docc-symbolkit",
      "state" : {
        "revision" : "b45d1f2ed151d057b54504d653e0da5552844e34",
        "version" : "1.0.0"
      }
    }
  ],
  "version" : 3
}
